
Microsoft Visual Studio Solution File, Format Version 12.00
# Visual Studio Version 16
VisualStudioVersion = 16.0.30907.101
MinimumVisualStudioVersion = 10.0.40219.1
Project("{FAE04EC0-301F-11D3-BF4B-00C04F79EFBC}") = "OdeToFood.Web", "OdeToFood.Web\OdeToFood.Web.csproj", "{BBD30C4F-2A8E-428E-9833-C0C89A524DB1}"
EndProject
Project("{FAE04EC0-301F-11D3-BF4B-00C04F79EFBC}") = "OdeToFood.Data", "OdeToFood.Data\OdeToFood.Data.csproj", "{78A4A57A-9E1F-4B50-918E-F52741901739}"
EndProject
Global
	GlobalSection(SolutionConfigurationPlatforms) = preSolution
		Debug|Any CPU = Debug|Any CPU
		Release|Any CPU = Release|Any CPU
	EndGlobalSection
	GlobalSection(ProjectConfigurationPlatforms) = postSolution
		{BBD30C4F-2A8E-428E-9833-C0C89A524DB1}.Debug|Any CPU.ActiveCfg = Debug|Any CPU
		{BBD30C4F-2A8E-428E-9833-C0C89A524DB1}.Debug|Any CPU.Build.0 = Debug|Any CPU
		{BBD30C4F-2A8E-428E-9833-C0C89A524DB1}.Release|Any CPU.ActiveCfg = Release|Any CPU
		{BBD30C4F-2A8E-428E-9833-C0C89A524DB1}.Release|Any CPU.Build.0 = Release|Any CPU
		{78A4A57A-9E1F-4B50-918E-F52741901739}.Debug|Any CPU.ActiveCfg = Debug|Any CPU
		{78A4A57A-9E1F-4B50-918E-F52741901739}.Debug|Any CPU.Build.0 = Debug|Any CPU
		{78A4A57A-9E1F-4B50-918E-F52741901739}.Release|Any CPU.ActiveCfg = Release|Any CPU
		{78A4A57A-9E1F-4B50-918E-F52741901739}.Release|Any CPU.Build.0 = Release|Any CPU
	EndGlobalSection
	GlobalSection(SolutionProperties) = preSolution
		HideSolutionNode = FALSE
	EndGlobalSection
	GlobalSection(ExtensibilityGlobals) = postSolution
		SolutionGuid = {0754EED6-3F6A-4713-8A2E-A9DB272D56DB}
	EndGlobalSection
EndGlobal
